
Microsoft Visual Studio Solution File, Format Version 12.00
# Visual Studio Version 16
VisualStudioVersion = 16.0.29102.190
MinimumVisualStudioVersion = 10.0.40219.1
Project("{FAE04EC0-301F-11D3-BF4B-00C04F79EFBC}") = "Nexter.FinTech", "Nexter.FinTech\Nexter.FinTech.csproj", "{0333EBD9-53E8-46C5-B2C9-E3BE1E6612F2}"
EndProject
Global
	GlobalSection(SolutionConfigurationPlatforms) = preSolution
		Debug|Any CPU = Debug|Any CPU
		Release|Any CPU = Release|Any CPU
	EndGlobalSection
	GlobalSection(ProjectConfigurationPlatforms) = postSolution
		{0333EBD9-53E8-46C5-B2C9-E3BE1E6612F2}.Debug|Any CPU.ActiveCfg = Debug|Any CPU
		{0333EBD9-53E8-46C5-B2C9-E3BE1E6612F2}.Debug|Any CPU.Build.0 = Debug|Any CPU
		{0333EBD9-53E8-46C5-B2C9-E3BE1E6612F2}.Release|Any CPU.ActiveCfg = Release|Any CPU
		{0333EBD9-53E8-46C5-B2C9-E3BE1E6612F2}.Release|Any CPU.Build.0 = Release|Any CPU
	EndGlobalSection
	GlobalSection(SolutionProperties) = preSolution
		HideSolutionNode = FALSE
	EndGlobalSection
	GlobalSection(ExtensibilityGlobals) = postSolution
		SolutionGuid = {D0019AA9-230B-4D76-9C68-A56D3C50D452}
	EndGlobalSection
EndGlobal
